{
  "name": "anagrams",
  "version": "0.1.0",
  "lockfileVersion": 1,
  "requires": true,
  "dependencies": {
    "@types/node": {
      "version": "10.12.18",
      "resolved": "https://registry.npmjs.org/@types/node/-/node-10.12.18.tgz",
      "integrity": "sha512-fh+pAqt4xRzPfqA6eh3Z2y6fyZavRIumvjhaCL753+TVkGKGhpPeyrJG2JftD0T9q4GF00KjefsQ+PQNDdWQaQ=="
    },
    "@ungap/create-content": {
      "version": "0.1.4",
      "resolved": "https://registry.npmjs.org/@ungap/create-content/-/create-content-0.1.4.tgz",
      "integrity": "sha512-YM6YQkF5wUxJlw5yDzEAzJfPK/kXR/GxIARx4NNJCInfx/nirHmy3ujPjfi7CaXjcVCwyfpv3vKQm6h762lbRA=="
    },
    "@ungap/custom-event": {
      "version": "0.2.0",
      "resolved": "https://registry.npmjs.org/@ungap/custom-event/-/custom-event-0.2.0.tgz",
      "integrity": "sha512-jovJx+4IaAL8JAzepJXDBVlS9t9mR3vKbbjcHwHCF+sN0KKCYQ2pNVAlQYiRrPqeNBl5VXU7uUDOKBg9ODB+0Q=="
    },
    "@ungap/essential-map": {
      "version": "0.1.7",
      "resolved": "https://registry.npmjs.org/@ungap/essential-map/-/essential-map-0.1.7.tgz",
      "integrity": "sha512-zkugZ6xxu0tHHTOfoce5B7ax2anIRP7hGIwKh5MEWH5mWPNXLigxEubkKv5WLUsFELCdKaMfjdqfI0H0/tLhpw=="
    },
    "@ungap/essential-weakset": {
      "version": "0.1.2",
      "resolved": "https://registry.npmjs.org/@ungap/essential-weakset/-/essential-weakset-0.1.2.tgz",
      "integrity": "sha512-Z7CBb/xr5V6wvdkdxKkDN0iUDz+EFfXW+O715VoWaDm1UiP+drx4U6S6aFhqYpKt0vTfbWHqrjdWj44B8q4A3A=="
    },
    "@ungap/import-node": {
      "version": "0.1.0",
      "resolved": "https://registry.npmjs.org/@ungap/import-node/-/import-node-0.1.0.tgz",
      "integrity": "sha512-FymNeJTWYNrZcnj7HFJwdaAZWrD1bUv8Na60RGIA142qtaRcOZs0KHGh+QSy7u7GNpW6wGnw9EdCQx4IYPE8cg=="
    },
    "@ungap/is-array": {
      "version": "0.1.1",
      "resolved": "https://registry.npmjs.org/@ungap/is-array/-/is-array-0.1.1.tgz",
      "integrity": "sha512-867tkp7LhJsOS3iULhhCluRV69bwyRQgBEwZSkm6VnZs8LFVD6VWFugiWc7Zgxwx4Psbrrou15u57n8YNIbKAQ=="
    },
    "@ungap/template-literal": {
      "version": "0.1.3",
      "resolved": "https://registry.npmjs.org/@ungap/template-literal/-/template-literal-0.1.3.tgz",
      "integrity": "sha512-Aq8rtiS7gl+Lr5gsJth4msma13U8jT8mvLcwl5ywuG78gYw0geS9LZHtukmoznSk4zeIQLsdHNbj8jGsyOi9NA=="
    },
    "@ungap/trim": {
      "version": "0.1.1",
      "resolved": "https://registry.npmjs.org/@ungap/trim/-/trim-0.1.1.tgz",
      "integrity": "sha512-f2jiPMFD8qmoNV5kxZ6RwSwmnloxtGUcG3W5Fbe9rC3vwXlPxWT0g5J0mN3+rM9C/u1p24gIVTSxNBPOtyu7Sw=="
    },
    "@ungap/weakmap": {
      "version": "0.1.4",
      "resolved": "https://registry.npmjs.org/@ungap/weakmap/-/weakmap-0.1.4.tgz",
      "integrity": "sha512-TO4TTwlQXdjHKoWgKxsMqApnOV8JruaNilqOg0I04MTYb5+fj9taIVijS4ILwWg0ytQY5DwTKzPWj+0G+7bsXw=="
    },
    "disconnected": {
      "version": "0.1.6",
      "resolved": "https://registry.npmjs.org/disconnected/-/disconnected-0.1.6.tgz",
      "integrity": "sha512-HU7IB9cbQT+ltplB1x5NnEu9g8qHzSRfRw00EPTQKyGpih+MdfCz3bOnczHjtoYWrP6h4cX6e+dJhxJTpTYiMQ=="
    },
    "domdiff": {
      "version": "2.0.3",
      "resolved": "https://registry.npmjs.org/domdiff/-/domdiff-2.0.3.tgz",
      "integrity": "sha512-De9vNvWnTIhvNs95ZShYY7Bk8dBa4sQ5KS0evKqF5t5f0sywYiw3OmhDbPONoHDZ33toaZOFerZH/qsjeXCm0g==",
      "requires": {
        "@ungap/essential-map": "^0.1.7"
      }
    },
    "domtagger": {
      "version": "0.2.3",
      "resolved": "https://registry.npmjs.org/domtagger/-/domtagger-0.2.3.tgz",
      "integrity": "sha512-rEJNe3JqS7tth78ysOGvl2hMQKx9jABjsF76T6MRYjEnzbzLXZsJmTMrreUtybIw4TwRDRkT8UeP854omaiTkA==",
      "requires": {
        "@ungap/create-content": "^0.1.4",
        "@ungap/essential-map": "^0.1.7",
        "@ungap/import-node": "^0.1.0",
        "@ungap/trim": "^0.1.1",
        "@ungap/weakmap": "^0.1.4"
      }
    },
    "hyperhtml": {
      "version": "2.23.0",
      "resolved": "https://registry.npmjs.org/hyperhtml/-/hyperhtml-2.23.0.tgz",
      "integrity": "sha512-SW2wyV8SWK9zjPyrMu/fDpBEVBrcfqqsZX/KMPnOWB72XXVRp5UMIG7PKhA618yZM3p7IGF1LpeK9s61vwZ/Rg==",
      "requires": {
        "@ungap/create-content": "^0.1.4",
        "@ungap/custom-event": "^0.2.0",
        "@ungap/essential-map": "^0.1.7",
        "@ungap/essential-weakset": "^0.1.2",
        "@ungap/is-array": "^0.1.1",
        "@ungap/template-literal": "^0.1.0",
        "@ungap/weakmap": "^0.1.4",
        "disconnected": "^0.1.6",
        "domdiff": "^2.0.2",
        "domtagger": "^0.2.3",
        "hyperhtml-style": "^0.1.2",
        "lightercollective": "^0.1.0"
      }
    },
    "hyperhtml-style": {
      "version": "0.1.2",
      "resolved": "https://registry.npmjs.org/hyperhtml-style/-/hyperhtml-style-0.1.2.tgz",
      "integrity": "sha512-ZDRYNClEaqUS0a8RAED0nQRqWmZk7ctdyij3Iw/PqUUef6xhYO87nx9vJNuxg7Yc6J2FdJjXRKbB0iud2ZyzwQ=="
    },
    "lightercollective": {
      "version": "0.1.0",
      "resolved": "https://registry.npmjs.org/lightercollective/-/lightercollective-0.1.0.tgz",
      "integrity": "sha512-J9tg5uraYoQKaWbmrzDDexbG6hHnMcWS1qLYgJSWE+mpA3U5OCSeMUhb+K55otgZJ34oFdR0ECvdIb3xuO5JOQ=="
    }
  }
}
